
Microsoft Visual Studio Solution File, Format Version 10.00
# Visual C++ Express 2008
Project("{8BC9CEB8-8B4A-11D0-8D11-00A0C91BC942}") = "Camerun(NewVersion)", "Camerun(NewVersion)\Camerun(NewVersion).vcproj", "{06CE9EF2-EA11-4F30-B1DE-77FB344D926C}"
EndProject
Global
	GlobalSection(SolutionConfigurationPlatforms) = preSolution
		CAM_TOOL_RELEASE|Win32 = CAM_TOOL_RELEASE|Win32
		Debug|Win32 = Debug|Win32
		Release|Win32 = Release|Win32
		VIEW_RELEASE|Win32 = VIEW_RELEASE|Win32
	EndGlobalSection
	GlobalSection(ProjectConfigurationPlatforms) = postSolution
		{06CE9EF2-EA11-4F30-B1DE-77FB344D926C}.CAM_TOOL_RELEASE|Win32.ActiveCfg = CAM_TOOL_RELEASE|Win32
		{06CE9EF2-EA11-4F30-B1DE-77FB344D926C}.CAM_TOOL_RELEASE|Win32.Build.0 = CAM_TOOL_RELEASE|Win32
		{06CE9EF2-EA11-4F30-B1DE-77FB344D926C}.Debug|Win32.ActiveCfg = Debug|Win32
		{06CE9EF2-EA11-4F30-B1DE-77FB344D926C}.Debug|Win32.Build.0 = Debug|Win32
		{06CE9EF2-EA11-4F30-B1DE-77FB344D926C}.Release|Win32.ActiveCfg = Release|Win32
		{06CE9EF2-EA11-4F30-B1DE-77FB344D926C}.Release|Win32.Build.0 = Release|Win32
		{06CE9EF2-EA11-4F30-B1DE-77FB344D926C}.VIEW_RELEASE|Win32.ActiveCfg = Release|Win32
		{06CE9EF2-EA11-4F30-B1DE-77FB344D926C}.VIEW_RELEASE|Win32.Build.0 = Release|Win32
	EndGlobalSection
	GlobalSection(SolutionProperties) = preSolution
		HideSolutionNode = FALSE
	EndGlobalSection
	GlobalSection(TestCaseManagementSettings) = postSolution
		CategoryFile = Camerun(NewVersion)1.vsmdi
	EndGlobalSection
EndGlobal
